
Microsoft Visual Studio Solution File, Format Version 12.00
# Visual Studio Version 16
VisualStudioVersion = 16.0.33130.400
MinimumVisualStudioVersion = 10.0.40219.1
Project("{FAE04EC0-301F-11D3-BF4B-00C04F79EFBC}") = "DataBased", "DataBased.csproj", "{45CCE869-9658-40FC-B708-2DCB8F85A778}"
EndProject
Global
	GlobalSection(SolutionConfigurationPlatforms) = preSolution
		Debug|Any CPU = Debug|Any CPU
		Release|Any CPU = Release|Any CPU
	EndGlobalSection
	GlobalSection(ProjectConfigurationPlatforms) = postSolution
		{45CCE869-9658-40FC-B708-2DCB8F85A778}.Debug|Any CPU.ActiveCfg = Debug|Any CPU
		{45CCE869-9658-40FC-B708-2DCB8F85A778}.Debug|Any CPU.Build.0 = Debug|Any CPU
		{45CCE869-9658-40FC-B708-2DCB8F85A778}.Release|Any CPU.ActiveCfg = Release|Any CPU
		{45CCE869-9658-40FC-B708-2DCB8F85A778}.Release|Any CPU.Build.0 = Release|Any CPU
	EndGlobalSection
	GlobalSection(SolutionProperties) = preSolution
		HideSolutionNode = FALSE
	EndGlobalSection
	GlobalSection(ExtensibilityGlobals) = postSolution
		SolutionGuid = {31296AF1-9F69-42EA-AA19-B62AAFD69D23}
	EndGlobalSection
EndGlobal
